// !$*UTF8*$!
{
	archiveVersion = 1;
	classes = {
	};
	objectVersion = 50;
	objects = {

/* Begin PBXBuildFile section */
		7606C45F24A5DA5F005F5E93 /* SummaryTableViewCell.swift in Sources */ = {isa = PBXBuildFile; fileRef = 7606C45E24A5DA5F005F5E93 /* SummaryTableViewCell.swift */; };
		7606C46124A5DA8D005F5E93 /* ForecastTableViewCell.swift in Sources */ = {isa = PBXBuildFile; fileRef = 7606C46024A5DA8D005F5E93 /* ForecastTableViewCell.swift */; };
		7691E2932493C7F9002EB900 /* AppDelegate.swift in Sources */ = {isa = PBXBuildFile; fileRef = 7691E2922493C7F9002EB900 /* AppDelegate.swift */; };
		7691E2952493C7F9002EB900 /* SceneDelegate.swift in Sources */ = {isa = PBXBuildFile; fileRef = 7691E2942493C7F9002EB900 /* SceneDelegate.swift */; };
		7691E2972493C7F9002EB900 /* ViewController.swift in Sources */ = {isa = PBXBuildFile; fileRef = 7691E2962493C7F9002EB900 /* ViewController.swift */; };
		7691E29A2493C7F9002EB900 /* Main.storyboard in Resources */ = {isa = PBXBuildFile; fileRef = 7691E2982493C7F9002EB900 /* Main.storyboard */; };
		7691E29C2493C802002EB900 /* Assets.xcassets in Resources */ = {isa = PBXBuildFile; fileRef = 7691E29B2493C802002EB900 /* Assets.xcassets */; };
		7691E29F2493C802002EB900 /* LaunchScreen.storyboard in Resources */ = {isa = PBXBuildFile; fileRef = 7691E29D2493C802002EB900 /* LaunchScreen.storyboard */; };
/* End PBXBuildFile section */

/* Begin PBXFileReference section */
		7606C45E24A5DA5F005F5E93 /* SummaryTableViewCell.swift */ = {isa = PBXFileReference; lastKnownFileType = sourcecode.swift; path = SummaryTableViewCell.swift; sourceTree = "<group>"; };
		7606C46024A5DA8D005F5E93 /* ForecastTableViewCell.swift */ = {isa = PBXFileReference; lastKnownFileType = sourcecode.swift; path = ForecastTableViewCell.swift; sourceTree = "<group>"; };
		7691E28F2493C7F9002EB900 /* HimWeather.app */ = {isa = PBXFileReference; explicitFileType = wrapper.application; includeInIndex = 0; path = HimWeather.app; sourceTree = BUILT_PRODUCTS_DIR; };
		7691E2922493C7F9002EB900 /* AppDelegate.swift */ = {isa = PBXFileReference; lastKnownFileType = sourcecode.swift; path = AppDelegate.swift; sourceTree = "<group>"; };
		7691E2942493C7F9002EB900 /* SceneDelegate.swift */ = {isa = PBXFileReference; lastKnownFileType = sourcecode.swift; path = SceneDelegate.swift; sourceTree = "<group>"; };
		7691E2962493C7F9002EB900 /* ViewController.swift */ = {isa = PBXFileReference; lastKnownFileType = sourcecode.swift; path = ViewController.swift; sourceTree = "<group>"; };
		7691E2992493C7F9002EB900 /* Base */ = {isa = PBXFileReference; lastKnownFileType = file.storyboard; name = Base; path = Base.lproj/Main.storyboard; sourceTree = "<group>"; };
		7691E29B2493C802002EB900 /* Assets.xcassets */ = {isa = PBXFileReference; lastKnownFileType = folder.assetcatalog; path = Assets.xcassets; sourceTree = "<group>"; };
		7691E29E2493C802002EB900 /* Base */ = {isa = PBXFileReference; lastKnownFileType = file.storyboard; name = Base; path = Base.lproj/LaunchScreen.storyboard; sourceTree = "<group>"; };
		7691E2A02493C802002EB900 /* Info.plist */ = {isa = PBXFileReference; lastKnownFileType = text.plist.xml; path = Info.plist; sourceTree = "<group>"; };
/* End PBXFileReference section */

/* Begin PBXFrameworksBuildPhase section */
		7691E28C2493C7F9002EB900 /* Frameworks */ = {
			isa = PBXFrameworksBuildPhase;
			buildActionMask = 2147483647;
			files = (
			);
			runOnlyForDeploymentPostprocessing = 0;
		};
/* End PBXFrameworksBuildPhase section */

/* Begin PBXGroup section */
		7606C45D24A5DA2A005F5E93 /* Cell */ = {
			isa = PBXGroup;
			children = (
				7606C45E24A5DA5F005F5E93 /* SummaryTableViewCell.swift */,
				7606C46024A5DA8D005F5E93 /* ForecastTableViewCell.swift */,
			);
			path = Cell;
			sourceTree = "<group>";
		};
		7691E2862493C7F9002EB900 = {
			isa = PBXGroup;
			children = (
				7691E2912493C7F9002EB900 /* HimWeather */,
				7691E2902493C7F9002EB900 /* Products */,
			);
			sourceTree = "<group>";
		};
		7691E2902493C7F9002EB900 /* Products */ = {
			isa = PBXGroup;
			children = (
				7691E28F2493C7F9002EB900 /* HimWeather.app */,
			);
			name = Products;
			sourceTree = "<group>";
		};
		7691E2912493C7F9002EB900 /* HimWeather */ = {
			isa = PBXGroup;
			children = (
				7606C45D24A5DA2A005F5E93 /* Cell */,
				7691E2922493C7F9002EB900 /* AppDelegate.swift */,
				7691E2942493C7F9002EB900 /* SceneDelegate.swift */,
				7691E2962493C7F9002EB900 /* ViewController.swift */,
				7691E2982493C7F9002EB900 /* Main.storyboard */,
				7691E29B2493C802002EB900 /* Assets.xcassets */,
				7691E29D2493C802002EB900 /* LaunchScreen.storyboard */,
				7691E2A02493C802002EB900 /* Info.plist */,
			);
			path = HimWeather;
			sourceTree = "<group>";
		};
/* End PBXGroup section */

/* Begin PBXNativeTarget section */
		7691E28E2493C7F9002EB900 /* HimWeather */ = {
			isa = PBXNativeTarget;
			buildConfigurationList = 7691E2A32493C802002EB900 /* Build configuration list for PBXNativeTarget "HimWeather" */;
			buildPhases = (
				7691E28B2493C7F9002EB900 /* Sources */,
				7691E28C2493C7F9002EB900 /* Frameworks */,
				7691E28D2493C7F9002EB900 /* Resources */,
			);
			buildRules = (
			);
			dependencies = (
			);
			name = HimWeather;
			productName = HimWeather;
			productReference = 7691E28F2493C7F9002EB900 /* HimWeather.app */;
			productType = "com.apple.product-type.application";
		};
/* End PBXNativeTarget section */

/* Begin PBXProject section */
		7691E2872493C7F9002EB900 /* Project object */ = {
			isa = PBXProject;
			attributes = {
				LastSwiftUpdateCheck = 1150;
				LastUpgradeCheck = 1150;
				ORGANIZATIONNAME = "Himchan Park";
				TargetAttributes = {
					7691E28E2493C7F9002EB900 = {
						CreatedOnToolsVersion = 11.5;
					};
				};
			};
			buildConfigurationList = 7691E28A2493C7F9002EB900 /* Build configuration list for PBXProject "HimWeather" */;
			compatibilityVersion = "Xcode 9.3";
			developmentRegion = en;
			hasScannedForEncodings = 0;
			knownRegions = (
				en,
				Base,
			);
			mainGroup = 7691E2862493C7F9002EB900;
			productRefGroup = 7691E2902493C7F9002EB900 /* Products */;
			projectDirPath = "";
			projectRoot = "";
			targets = (
				7691E28E2493C7F9002EB900 /* HimWeather */,
			);
		};
/* End PBXProject section */

/* Begin PBXResourcesBuildPhase section */
		7691E28D2493C7F9002EB900 /* Resources */ = {
			isa = PBXResourcesBuildPhase;
			buildActionMask = 2147483647;
			files = (
				7691E29F2493C802002EB900 /* LaunchScreen.storyboard in Resources */,
				7691E29C2493C802002EB900 /* Assets.xcassets in Resources */,
				7691E29A2493C7F9002EB900 /* Main.storyboard in Resources */,
			);
			runOnlyForDeploymentPostprocessing = 0;
		};
/* End PBXResourcesBuildPhase section */

/* Begin PBXSourcesBuildPhase section */
		7691E28B2493C7F9002EB900 /* Sources */ = {
			isa = PBXSourcesBuildPhase;
			buildActionMask = 2147483647;
			files = (
				7691E2972493C7F9002EB900 /* ViewController.swift in Sources */,
				7606C46124A5DA8D005F5E93 /* ForecastTableViewCell.swift in Sources */,
				7691E2932493C7F9002EB900 /* AppDelegate.swift in Sources */,
				7606C45F24A5DA5F005F5E93 /* SummaryTableViewCell.swift in Sources */,
				7691E2952493C7F9002EB900 /* SceneDelegate.swift in Sources */,
			);
			runOnlyForDeploymentPostprocessing = 0;
		};
/* End PBXSourcesBuildPhase section */

/* Begin PBXVariantGroup section */
		7691E2982493C7F9002EB900 /* Main.storyboard */ = {
			isa = PBXVariantGroup;
			children = (
				7691E2992493C7F9002EB900 /* Base */,
			);
			name = Main.storyboard;
			sourceTree = "<group>";
		};
		7691E29D2493C802002EB900 /* LaunchScreen.storyboard */ = {
			isa = PBXVariantGroup;
			children = (
				7691E29E2493C802002EB900 /* Base */,
			);
			name = LaunchScreen.storyboard;
			sourceTree = "<group>";
		};
/* End PBXVariantGroup section */

/* Begin XCBuildConfiguration section */
		7691E2A12493C802002EB900 /* Debug */ = {
			isa = XCBuildConfiguration;
			buildSettings = {
				ALWAYS_SEARCH_USER_PATHS = NO;
				CLANG_ANALYZER_NONNULL = YES;
				CLANG_ANALYZER_NUMBER_OBJECT_CONVERSION = YES_AGGRESSIVE;
				CLANG_CXX_LANGUAGE_STANDARD = "gnu++14";
				CLANG_CXX_LIBRARY = "libc++";
				CLANG_ENABLE_MODULES = YES;
				CLANG_ENABLE_OBJC_ARC = YES;
				CLANG_ENABLE_OBJC_WEAK = YES;
				CLANG_WARN_BLOCK_CAPTURE_AUTORELEASING = YES;
				CLANG_WARN_BOOL_CONVERSION = YES;
				CLANG_WARN_COMMA = YES;
				CLANG_WARN_CONSTANT_CONVERSION = YES;
				CLANG_WARN_DEPRECATED_OBJC_IMPLEMENTATIONS = YES;
				CLANG_WARN_DIRECT_OBJC_ISA_USAGE = YES_ERROR;
				CLANG_WARN_DOCUMENTATION_COMMENTS = YES;
				CLANG_WARN_EMPTY_BODY = YES;
				CLANG_WARN_ENUM_CONVERSION = YES;
				CLANG_WARN_INFINITE_RECURSION = YES;
				CLANG_WARN_INT_CONVERSION = YES;
				CLANG_WARN_NON_LITERAL_NULL_CONVERSION = YES;
				CLANG_WARN_OBJC_IMPLICIT_RETAIN_SELF = YES;
				CLANG_WARN_OBJC_LITERAL_CONVERSION = YES;
				CLANG_WARN_OBJC_ROOT_CLASS = YES_ERROR;
				CLANG_WARN_RANGE_LOOP_ANALYSIS = YES;
				CLANG_WARN_STRICT_PROTOTYPES = YES;
				CLANG_WARN_SUSPICIOUS_MOVE = YES;
				CLANG_WARN_UNGUARDED_AVAILABILITY = YES_AGGRESSIVE;
				CLANG_WARN_UNREACHABLE_CODE = YES;
				CLANG_WARN__DUPLICATE_METHOD_MATCH = YES;
				COPY_PHASE_STRIP = NO;
				DEBUG_INFORMATION_FORMAT = dwarf;
				ENABLE_STRICT_OBJC_MSGSEND = YES;
				ENABLE_TESTABILITY = YES;
				GCC_C_LANGUAGE_STANDARD = gnu11;
				GCC_DYNAMIC_NO_PIC = NO;
				GCC_NO_COMMON_BLOCKS = YES;
				GCC_OPTIMIZATION_LEVEL = 0;
				GCC_PREPROCESSOR_DEFINITIONS = (
					"DEBUG=1",
					"$(inherited)",
				);
				GCC_WARN_64_TO_32_BIT_CONVERSION = YES;
				GCC_WARN_ABOUT_RETURN_TYPE = YES_ERROR;
				GCC_WARN_UNDECLARED_SELECTOR = YES;
				GCC_WARN_UNINITIALIZED_AUTOS = YES_AGGRESSIVE;
				GCC_WARN_UNUSED_FUNCTION = YES;
				GCC_WARN_UNUSED_VARIABLE = YES;
				IPHONEOS_DEPLOYMENT_TARGET = 13.5;
				MTL_ENABLE_DEBUG_INFO = INCLUDE_SOURCE;
				MTL_FAST_MATH = YES;
				ONLY_ACTIVE_ARCH = YES;
				SDKROOT = iphoneos;
				SWIFT_ACTIVE_COMPILATION_CONDITIONS = DEBUG;
				SWIFT_OPTIMIZATION_LEVEL = "-Onone";
			};
			name = Debug;
		};
		7691E2A22493C802002EB900 /* Release */ = {
			isa = XCBuildConfiguration;
			buildSettings = {
				ALWAYS_SEARCH_USER_PATHS = NO;
				CLANG_ANALYZER_NONNULL = YES;
				CLANG_ANALYZER_NUMBER_OBJECT_CONVERSION = YES_AGGRESSIVE;
				CLANG_CXX_LANGUAGE_STANDARD = "gnu++14";
				CLANG_CXX_LIBRARY = "libc++";
				CLANG_ENABLE_MODULES = YES;
				CLANG_ENABLE_OBJC_ARC = YES;
				CLANG_ENABLE_OBJC_WEAK = YES;
				CLANG_WARN_BLOCK_CAPTURE_AUTORELEASING = YES;
				CLANG_WARN_BOOL_CONVERSION = YES;
				CLANG_WARN_COMMA = YES;
				CLANG_WARN_CONSTANT_CONVERSION = YES;
				CLANG_WARN_DEPRECATED_OBJC_IMPLEMENTATIONS = YES;
				CLANG_WARN_DIRECT_OBJC_ISA_USAGE = YES_ERROR;
				CLANG_WARN_DOCUMENTATION_COMMENTS = YES;
				CLANG_WARN_EMPTY_BODY = YES;
				CLANG_WARN_ENUM_CONVERSION = YES;
				CLANG_WARN_INFINITE_RECURSION = YES;
				CLANG_WARN_INT_CONVERSION = YES;
				CLANG_WARN_NON_LITERAL_NULL_CONVERSION = YES;
				CLANG_WARN_OBJC_IMPLICIT_RETAIN_SELF = YES;
				CLANG_WARN_OBJC_LITERAL_CONVERSION = YES;
				CLANG_WARN_OBJC_ROOT_CLASS = YES_ERROR;
				CLANG_WARN_RANGE_LOOP_ANALYSIS = YES;
				CLANG_WARN_STRICT_PROTOTYPES = YES;
				CLANG_WARN_SUSPICIOUS_MOVE = YES;
				CLANG_WARN_UNGUARDED_AVAILABILITY = YES_AGGRESSIVE;
				CLANG_WARN_UNREACHABLE_CODE = YES;
				CLANG_WARN__DUPLICATE_METHOD_MATCH = YES;
				COPY_PHASE_STRIP = NO;
				DEBUG_INFORMATION_FORMAT = "dwarf-with-dsym";
				ENABLE_NS_ASSERTIONS = NO;
				ENABLE_STRICT_OBJC_MSGSEND = YES;
				GCC_C_LANGUAGE_STANDARD = gnu11;
				GCC_NO_COMMON_BLOCKS = YES;
				GCC_WARN_64_TO_32_BIT_CONVERSION = YES;
				GCC_WARN_ABOUT_RETURN_TYPE = YES_ERROR;
				GCC_WARN_UNDECLARED_SELECTOR = YES;
				GCC_WARN_UNINITIALIZED_AUTOS = YES_AGGRESSIVE;
				GCC_WARN_UNUSED_FUNCTION = YES;
				GCC_WARN_UNUSED_VARIABLE = YES;
				IPHONEOS_DEPLOYMENT_TARGET = 13.5;
				MTL_ENABLE_DEBUG_INFO = NO;
				MTL_FAST_MATH = YES;
				SDKROOT = iphoneos;
				SWIFT_COMPILATION_MODE = wholemodule;
				SWIFT_OPTIMIZATION_LEVEL = "-O";
				VALIDATE_PRODUCT = YES;
			};
			name = Release;
		};
		7691E2A42493C802002EB900 /* Debug */ = {
			isa = XCBuildConfiguration;
			buildSettings = {
				ASSETCATALOG_COMPILER_APPICON_NAME = AppIcon;
				CODE_SIGN_STYLE = Automatic;
				DEVELOPMENT_TEAM = 944595JNCH;
				INFOPLIST_FILE = HimWeather/Info.plist;
				IPHONEOS_DEPLOYMENT_TARGET = 12.0;
				LD_RUNPATH_SEARCH_PATHS = (
					"$(inherited)",
					"@executable_path/Frameworks",
				);
				PRODUCT_BUNDLE_IDENTIFIER = damu.HimWeather;
				PRODUCT_NAME = "$(TARGET_NAME)";
				SWIFT_VERSION = 5.0;
				TARGETED_DEVICE_FAMILY = "1,2";
			};
			name = Debug;
		};
		7691E2A52493C802002EB900 /* Release */ = {
			isa = XCBuildConfiguration;
			buildSettings = {
				ASSETCATALOG_COMPILER_APPICON_NAME = AppIcon;
				CODE_SIGN_STYLE = Automatic;
				DEVELOPMENT_TEAM = 944595JNCH;
				INFOPLIST_FILE = HimWeather/Info.plist;
				IPHONEOS_DEPLOYMENT_TARGET = 12.0;
				LD_RUNPATH_SEARCH_PATHS = (
					"$(inherited)",
					"@executable_path/Frameworks",
				);
				PRODUCT_BUNDLE_IDENTIFIER = damu.HimWeather;
				PRODUCT_NAME = "$(TARGET_NAME)";
				SWIFT_VERSION = 5.0;
				TARGETED_DEVICE_FAMILY = "1,2";
			};
			name = Release;
		};
/* End XCBuildConfiguration section */

/* Begin XCConfigurationList section */
		7691E28A2493C7F9002EB900 /* Build configuration list for PBXProject "HimWeather" */ = {
			isa = XCConfigurationList;
			buildConfigurations = (
				7691E2A12493C802002EB900 /* Debug */,
				7691E2A22493C802002EB900 /* Release */,
			);
			defaultConfigurationIsVisible = 0;
			defaultConfigurationName = Release;
		};
		7691E2A32493C802002EB900 /* Build configuration list for PBXNativeTarget "HimWeather" */ = {
			isa = XCConfigurationList;
			buildConfigurations = (
				7691E2A42493C802002EB900 /* Debug */,
				7691E2A52493C802002EB900 /* Release */,
			);
			defaultConfigurationIsVisible = 0;
			defaultConfigurationName = Release;
		};
/* End XCConfigurationList section */
	};
	rootObject = 7691E2872493C7F9002EB900 /* Project object */;
}
